
Microsoft Visual Studio Solution File, Format Version 12.00
# Visual Studio Version 16
VisualStudioVersion = 16.0.29911.84
MinimumVisualStudioVersion = 10.0.40219.1
Project("{FAE04EC0-301F-11D3-BF4B-00C04F79EFBC}") = "EyeSimuleter", "EyeSimuleter\EyeSimuleter.csproj", "{B4DF4D7C-E53A-46B2-A060-6C7A6935DA45}"
EndProject
Global
	GlobalSection(SolutionConfigurationPlatforms) = preSolution
		Debug|Any CPU = Debug|Any CPU
		Release|Any CPU = Release|Any CPU
	EndGlobalSection
	GlobalSection(ProjectConfigurationPlatforms) = postSolution
		{B4DF4D7C-E53A-46B2-A060-6C7A6935DA45}.Debug|Any CPU.ActiveCfg = Debug|Any CPU
		{B4DF4D7C-E53A-46B2-A060-6C7A6935DA45}.Debug|Any CPU.Build.0 = Debug|Any CPU
		{B4DF4D7C-E53A-46B2-A060-6C7A6935DA45}.Release|Any CPU.ActiveCfg = Release|Any CPU
		{B4DF4D7C-E53A-46B2-A060-6C7A6935DA45}.Release|Any CPU.Build.0 = Release|Any CPU
	EndGlobalSection
	GlobalSection(SolutionProperties) = preSolution
		HideSolutionNode = FALSE
	EndGlobalSection
	GlobalSection(ExtensibilityGlobals) = postSolution
		SolutionGuid = {CE5443D7-6DF9-449A-BEF0-7DF8C0013D18}
	EndGlobalSection
EndGlobal
